
Microsoft Visual Studio Solution File, Format Version 12.00
# Visual Studio Version 17
VisualStudioVersion = 17.8.34511.84
MinimumVisualStudioVersion = 10.0.40219.1
Project("{FAE04EC0-301F-11D3-BF4B-00C04F79EFBC}") = "ShoppingListApp", "ShoppingListApp\ShoppingListApp.csproj", "{4A8C6D71-70AB-42E6-AE8E-D19319710955}"
EndProject
Global
	GlobalSection(SolutionConfigurationPlatforms) = preSolution
		Debug|Any CPU = Debug|Any CPU
		Release|Any CPU = Release|Any CPU
	EndGlobalSection
	GlobalSection(ProjectConfigurationPlatforms) = postSolution
		{4A8C6D71-70AB-42E6-AE8E-D19319710955}.Debug|Any CPU.ActiveCfg = Debug|Any CPU
		{4A8C6D71-70AB-42E6-AE8E-D19319710955}.Debug|Any CPU.Build.0 = Debug|Any CPU
		{4A8C6D71-70AB-42E6-AE8E-D19319710955}.Release|Any CPU.ActiveCfg = Release|Any CPU
		{4A8C6D71-70AB-42E6-AE8E-D19319710955}.Release|Any CPU.Build.0 = Release|Any CPU
	EndGlobalSection
	GlobalSection(SolutionProperties) = preSolution
		HideSolutionNode = FALSE
	EndGlobalSection
	GlobalSection(ExtensibilityGlobals) = postSolution
		SolutionGuid = {16066DAC-380E-468A-B412-8A4B33B01AD9}
	EndGlobalSection
EndGlobal
