
Microsoft Visual Studio Solution File, Format Version 12.00
# Visual Studio Version 17
VisualStudioVersion = 17.8.34525.116
MinimumVisualStudioVersion = 10.0.40219.1
Project("{FAE04EC0-301F-11D3-BF4B-00C04F79EFBC}") = "TaskBoardApp", "TaskBoardApp\TaskBoardApp.csproj", "{226218A3-1243-4FB5-BEFE-33DAD3A81EA6}"
EndProject
Global
	GlobalSection(SolutionConfigurationPlatforms) = preSolution
		Debug|Any CPU = Debug|Any CPU
		Release|Any CPU = Release|Any CPU
	EndGlobalSection
	GlobalSection(ProjectConfigurationPlatforms) = postSolution
		{226218A3-1243-4FB5-BEFE-33DAD3A81EA6}.Debug|Any CPU.ActiveCfg = Debug|Any CPU
		{226218A3-1243-4FB5-BEFE-33DAD3A81EA6}.Debug|Any CPU.Build.0 = Debug|Any CPU
		{226218A3-1243-4FB5-BEFE-33DAD3A81EA6}.Release|Any CPU.ActiveCfg = Release|Any CPU
		{226218A3-1243-4FB5-BEFE-33DAD3A81EA6}.Release|Any CPU.Build.0 = Release|Any CPU
	EndGlobalSection
	GlobalSection(SolutionProperties) = preSolution
		HideSolutionNode = FALSE
	EndGlobalSection
	GlobalSection(ExtensibilityGlobals) = postSolution
		SolutionGuid = {5475748F-EC08-4398-BE7F-F0F6E35EDE2A}
	EndGlobalSection
EndGlobal
