
Microsoft Visual Studio Solution File, Format Version 12.00
# Visual Studio Version 17
VisualStudioVersion = 17.4.33110.190
MinimumVisualStudioVersion = 10.0.40219.1
Project("{FAE04EC0-301F-11D3-BF4B-00C04F79EFBC}") = "TEST", "TEST\TEST.csproj", "{6EE85D20-91DE-46D3-A940-69B801542A7C}"
EndProject
Project("{FAE04EC0-301F-11D3-BF4B-00C04F79EFBC}") = "MathOperation", "MathOperation\MathOperation.csproj", "{2D050B10-DAFA-4368-8170-F190AEBEF34B}"
EndProject
Project("{FAE04EC0-301F-11D3-BF4B-00C04F79EFBC}") = "Operations", "Operations\Operations.csproj", "{134BA863-2D06-4FEE-9FF7-75B3F262C73C}"
EndProject
Project("{FAE04EC0-301F-11D3-BF4B-00C04F79EFBC}") = "Animals", "Animals\Animals.csproj", "{D733EE73-B940-4E92-B115-3992422B0F20}"
EndProject
Project("{FAE04EC0-301F-11D3-BF4B-00C04F79EFBC}") = "Shapes", "Shapes\Shapes.csproj", "{73ED8FB8-A5C3-4B1C-AB06-C4B0B1111646}"
EndProject
Global
	GlobalSection(SolutionConfigurationPlatforms) = preSolution
		Debug|Any CPU = Debug|Any CPU
		Release|Any CPU = Release|Any CPU
	EndGlobalSection
	GlobalSection(ProjectConfigurationPlatforms) = postSolution
		{6EE85D20-91DE-46D3-A940-69B801542A7C}.Debug|Any CPU.ActiveCfg = Debug|Any CPU
		{6EE85D20-91DE-46D3-A940-69B801542A7C}.Debug|Any CPU.Build.0 = Debug|Any CPU
		{6EE85D20-91DE-46D3-A940-69B801542A7C}.Release|Any CPU.ActiveCfg = Release|Any CPU
		{6EE85D20-91DE-46D3-A940-69B801542A7C}.Release|Any CPU.Build.0 = Release|Any CPU
		{2D050B10-DAFA-4368-8170-F190AEBEF34B}.Debug|Any CPU.ActiveCfg = Debug|Any CPU
		{2D050B10-DAFA-4368-8170-F190AEBEF34B}.Debug|Any CPU.Build.0 = Debug|Any CPU
		{2D050B10-DAFA-4368-8170-F190AEBEF34B}.Release|Any CPU.ActiveCfg = Release|Any CPU
		{2D050B10-DAFA-4368-8170-F190AEBEF34B}.Release|Any CPU.Build.0 = Release|Any CPU
		{134BA863-2D06-4FEE-9FF7-75B3F262C73C}.Debug|Any CPU.ActiveCfg = Debug|Any CPU
		{134BA863-2D06-4FEE-9FF7-75B3F262C73C}.Debug|Any CPU.Build.0 = Debug|Any CPU
		{134BA863-2D06-4FEE-9FF7-75B3F262C73C}.Release|Any CPU.ActiveCfg = Release|Any CPU
		{134BA863-2D06-4FEE-9FF7-75B3F262C73C}.Release|Any CPU.Build.0 = Release|Any CPU
		{D733EE73-B940-4E92-B115-3992422B0F20}.Debug|Any CPU.ActiveCfg = Debug|Any CPU
		{D733EE73-B940-4E92-B115-3992422B0F20}.Debug|Any CPU.Build.0 = Debug|Any CPU
		{D733EE73-B940-4E92-B115-3992422B0F20}.Release|Any CPU.ActiveCfg = Release|Any CPU
		{D733EE73-B940-4E92-B115-3992422B0F20}.Release|Any CPU.Build.0 = Release|Any CPU
		{73ED8FB8-A5C3-4B1C-AB06-C4B0B1111646}.Debug|Any CPU.ActiveCfg = Debug|Any CPU
		{73ED8FB8-A5C3-4B1C-AB06-C4B0B1111646}.Debug|Any CPU.Build.0 = Debug|Any CPU
		{73ED8FB8-A5C3-4B1C-AB06-C4B0B1111646}.Release|Any CPU.ActiveCfg = Release|Any CPU
		{73ED8FB8-A5C3-4B1C-AB06-C4B0B1111646}.Release|Any CPU.Build.0 = Release|Any CPU
	EndGlobalSection
	GlobalSection(SolutionProperties) = preSolution
		HideSolutionNode = FALSE
	EndGlobalSection
	GlobalSection(ExtensibilityGlobals) = postSolution
		SolutionGuid = {8DEB2AB4-8E15-46B4-BC2A-9637351BD921}
	EndGlobalSection
EndGlobal
