
Microsoft Visual Studio Solution File, Format Version 12.00
# Visual Studio Version 17
VisualStudioVersion = 17.4.33213.308
MinimumVisualStudioVersion = 10.0.40219.1
Project("{9A19103F-16F7-4668-BE54-9A1E7A4F7556}") = "1. Encrypt, Sort and Print Array", "1. Encrypt, Sort and Print Array\1. Encrypt, Sort and Print Array.csproj", "{B2B6B1E8-896B-41C4-BCA8-5732BFB10CA0}"
EndProject
Project("{9A19103F-16F7-4668-BE54-9A1E7A4F7556}") = "2. Pascal Triangle", "2. Pascal Triangle\2. Pascal Triangle.csproj", "{061271DA-B0CE-465D-B53C-B8B114651840}"
EndProject
Project("{9A19103F-16F7-4668-BE54-9A1E7A4F7556}") = "3. Recursive Fibonacci", "3. Recursive Fibonacci\3. Recursive Fibonacci.csproj", "{3C759F3B-082A-4E84-9E50-363CC1C62983}"
EndProject
Project("{9A19103F-16F7-4668-BE54-9A1E7A4F7556}") = "4. Fold and Sum", "4. Fold and Sum\4. Fold and Sum.csproj", "{95A5DD60-8B29-4724-BEAA-0A7CED7B4252}"
EndProject
Project("{9A19103F-16F7-4668-BE54-9A1E7A4F7556}") = "5. Longest Increasing Subsequence (LIS)", "5. Longest Increasing Subsequence (LIS)\5. Longest Increasing Subsequence (LIS).csproj", "{92B272E8-7403-46ED-8B74-077E907D6EB6}"
EndProject
Global
	GlobalSection(SolutionConfigurationPlatforms) = preSolution
		Debug|Any CPU = Debug|Any CPU
		Release|Any CPU = Release|Any CPU
	EndGlobalSection
	GlobalSection(ProjectConfigurationPlatforms) = postSolution
		{B2B6B1E8-896B-41C4-BCA8-5732BFB10CA0}.Debug|Any CPU.ActiveCfg = Debug|Any CPU
		{B2B6B1E8-896B-41C4-BCA8-5732BFB10CA0}.Debug|Any CPU.Build.0 = Debug|Any CPU
		{B2B6B1E8-896B-41C4-BCA8-5732BFB10CA0}.Release|Any CPU.ActiveCfg = Release|Any CPU
		{B2B6B1E8-896B-41C4-BCA8-5732BFB10CA0}.Release|Any CPU.Build.0 = Release|Any CPU
		{061271DA-B0CE-465D-B53C-B8B114651840}.Debug|Any CPU.ActiveCfg = Debug|Any CPU
		{061271DA-B0CE-465D-B53C-B8B114651840}.Debug|Any CPU.Build.0 = Debug|Any CPU
		{061271DA-B0CE-465D-B53C-B8B114651840}.Release|Any CPU.ActiveCfg = Release|Any CPU
		{061271DA-B0CE-465D-B53C-B8B114651840}.Release|Any CPU.Build.0 = Release|Any CPU
		{3C759F3B-082A-4E84-9E50-363CC1C62983}.Debug|Any CPU.ActiveCfg = Debug|Any CPU
		{3C759F3B-082A-4E84-9E50-363CC1C62983}.Debug|Any CPU.Build.0 = Debug|Any CPU
		{3C759F3B-082A-4E84-9E50-363CC1C62983}.Release|Any CPU.ActiveCfg = Release|Any CPU
		{3C759F3B-082A-4E84-9E50-363CC1C62983}.Release|Any CPU.Build.0 = Release|Any CPU
		{95A5DD60-8B29-4724-BEAA-0A7CED7B4252}.Debug|Any CPU.ActiveCfg = Debug|Any CPU
		{95A5DD60-8B29-4724-BEAA-0A7CED7B4252}.Debug|Any CPU.Build.0 = Debug|Any CPU
		{95A5DD60-8B29-4724-BEAA-0A7CED7B4252}.Release|Any CPU.ActiveCfg = Release|Any CPU
		{95A5DD60-8B29-4724-BEAA-0A7CED7B4252}.Release|Any CPU.Build.0 = Release|Any CPU
		{92B272E8-7403-46ED-8B74-077E907D6EB6}.Debug|Any CPU.ActiveCfg = Debug|Any CPU
		{92B272E8-7403-46ED-8B74-077E907D6EB6}.Debug|Any CPU.Build.0 = Debug|Any CPU
		{92B272E8-7403-46ED-8B74-077E907D6EB6}.Release|Any CPU.ActiveCfg = Release|Any CPU
		{92B272E8-7403-46ED-8B74-077E907D6EB6}.Release|Any CPU.Build.0 = Release|Any CPU
	EndGlobalSection
	GlobalSection(SolutionProperties) = preSolution
		HideSolutionNode = FALSE
	EndGlobalSection
	GlobalSection(ExtensibilityGlobals) = postSolution
		SolutionGuid = {9F5B6B00-2286-48D5-934B-7DD0A7DF7A59}
	EndGlobalSection
EndGlobal
