
Microsoft Visual Studio Solution File, Format Version 12.00
# Visual Studio Version 17
VisualStudioVersion = 17.8.34525.116
MinimumVisualStudioVersion = 10.0.40219.1
Project("{FAE04EC0-301F-11D3-BF4B-00C04F79EFBC}") = "PokemonReviewApp", "PokemonReviewApp\PokemonReviewApp.csproj", "{095F1F12-625C-406F-B723-E624163FEF45}"
EndProject
Global
	GlobalSection(SolutionConfigurationPlatforms) = preSolution
		Debug|Any CPU = Debug|Any CPU
		Release|Any CPU = Release|Any CPU
	EndGlobalSection
	GlobalSection(ProjectConfigurationPlatforms) = postSolution
		{095F1F12-625C-406F-B723-E624163FEF45}.Debug|Any CPU.ActiveCfg = Debug|Any CPU
		{095F1F12-625C-406F-B723-E624163FEF45}.Debug|Any CPU.Build.0 = Debug|Any CPU
		{095F1F12-625C-406F-B723-E624163FEF45}.Release|Any CPU.ActiveCfg = Release|Any CPU
		{095F1F12-625C-406F-B723-E624163FEF45}.Release|Any CPU.Build.0 = Release|Any CPU
	EndGlobalSection
	GlobalSection(SolutionProperties) = preSolution
		HideSolutionNode = FALSE
	EndGlobalSection
	GlobalSection(ExtensibilityGlobals) = postSolution
		SolutionGuid = {15800CD5-630F-44F3-9C2B-FB5E891A2B44}
	EndGlobalSection
EndGlobal
