
Microsoft Visual Studio Solution File, Format Version 12.00
# Visual Studio Version 17
VisualStudioVersion = 17.4.33110.190
MinimumVisualStudioVersion = 10.0.40219.1
Project("{FAE04EC0-301F-11D3-BF4B-00C04F79EFBC}") = "SoftUni", "SoftUni\SoftUni.csproj", "{D7099ABC-F4BA-463D-9F65-76191E709C10}"
EndProject
Global
	GlobalSection(SolutionConfigurationPlatforms) = preSolution
		Debug|Any CPU = Debug|Any CPU
		Release|Any CPU = Release|Any CPU
	EndGlobalSection
	GlobalSection(ProjectConfigurationPlatforms) = postSolution
		{D7099ABC-F4BA-463D-9F65-76191E709C10}.Debug|Any CPU.ActiveCfg = Debug|Any CPU
		{D7099ABC-F4BA-463D-9F65-76191E709C10}.Debug|Any CPU.Build.0 = Debug|Any CPU
		{D7099ABC-F4BA-463D-9F65-76191E709C10}.Release|Any CPU.ActiveCfg = Release|Any CPU
		{D7099ABC-F4BA-463D-9F65-76191E709C10}.Release|Any CPU.Build.0 = Release|Any CPU
	EndGlobalSection
	GlobalSection(SolutionProperties) = preSolution
		HideSolutionNode = FALSE
	EndGlobalSection
	GlobalSection(ExtensibilityGlobals) = postSolution
		SolutionGuid = {DA7ECDD3-8217-479A-B6A5-EE833C290FF0}
	EndGlobalSection
EndGlobal
