
Microsoft Visual Studio Solution File, Format Version 12.00
# Visual Studio Version 17
VisualStudioVersion = 17.4.33110.190
MinimumVisualStudioVersion = 10.0.40219.1
Project("{9A19103F-16F7-4668-BE54-9A1E7A4F7556}") = "Vehicles", "Vehicles\Vehicles.csproj", "{4DBBAD96-197B-458E-A4F4-DEAC9E320E6A}"
EndProject
Project("{9A19103F-16F7-4668-BE54-9A1E7A4F7556}") = "VehiclesExtension", "VehiclesExtension\VehiclesExtension.csproj", "{D7E5F70F-8C22-46AE-8B88-FA64396DEC79}"
EndProject
Project("{FAE04EC0-301F-11D3-BF4B-00C04F79EFBC}") = "Raiding", "Raiding\Raiding.csproj", "{1506C472-A3E8-4249-BBF7-4F66ED76A69B}"
EndProject
Project("{FAE04EC0-301F-11D3-BF4B-00C04F79EFBC}") = "WildFarm", "WildFarm\WildFarm.csproj", "{3C5E6F51-5FB8-46B8-A67C-BA14BAE81E0F}"
EndProject
Global
	GlobalSection(SolutionConfigurationPlatforms) = preSolution
		Debug|Any CPU = Debug|Any CPU
		Release|Any CPU = Release|Any CPU
	EndGlobalSection
	GlobalSection(ProjectConfigurationPlatforms) = postSolution
		{4DBBAD96-197B-458E-A4F4-DEAC9E320E6A}.Debug|Any CPU.ActiveCfg = Debug|Any CPU
		{4DBBAD96-197B-458E-A4F4-DEAC9E320E6A}.Debug|Any CPU.Build.0 = Debug|Any CPU
		{4DBBAD96-197B-458E-A4F4-DEAC9E320E6A}.Release|Any CPU.ActiveCfg = Release|Any CPU
		{4DBBAD96-197B-458E-A4F4-DEAC9E320E6A}.Release|Any CPU.Build.0 = Release|Any CPU
		{D7E5F70F-8C22-46AE-8B88-FA64396DEC79}.Debug|Any CPU.ActiveCfg = Debug|Any CPU
		{D7E5F70F-8C22-46AE-8B88-FA64396DEC79}.Debug|Any CPU.Build.0 = Debug|Any CPU
		{D7E5F70F-8C22-46AE-8B88-FA64396DEC79}.Release|Any CPU.ActiveCfg = Release|Any CPU
		{D7E5F70F-8C22-46AE-8B88-FA64396DEC79}.Release|Any CPU.Build.0 = Release|Any CPU
		{1506C472-A3E8-4249-BBF7-4F66ED76A69B}.Debug|Any CPU.ActiveCfg = Debug|Any CPU
		{1506C472-A3E8-4249-BBF7-4F66ED76A69B}.Debug|Any CPU.Build.0 = Debug|Any CPU
		{1506C472-A3E8-4249-BBF7-4F66ED76A69B}.Release|Any CPU.ActiveCfg = Release|Any CPU
		{1506C472-A3E8-4249-BBF7-4F66ED76A69B}.Release|Any CPU.Build.0 = Release|Any CPU
		{3C5E6F51-5FB8-46B8-A67C-BA14BAE81E0F}.Debug|Any CPU.ActiveCfg = Debug|Any CPU
		{3C5E6F51-5FB8-46B8-A67C-BA14BAE81E0F}.Debug|Any CPU.Build.0 = Debug|Any CPU
		{3C5E6F51-5FB8-46B8-A67C-BA14BAE81E0F}.Release|Any CPU.ActiveCfg = Release|Any CPU
		{3C5E6F51-5FB8-46B8-A67C-BA14BAE81E0F}.Release|Any CPU.Build.0 = Release|Any CPU
	EndGlobalSection
	GlobalSection(SolutionProperties) = preSolution
		HideSolutionNode = FALSE
	EndGlobalSection
	GlobalSection(ExtensibilityGlobals) = postSolution
		SolutionGuid = {99C57AC0-4FC5-42FB-8424-C1C687EE7F96}
	EndGlobalSection
EndGlobal
