
Microsoft Visual Studio Solution File, Format Version 12.00
# Visual Studio Version 17
VisualStudioVersion = 17.8.34525.116
MinimumVisualStudioVersion = 10.0.40219.1
Project("{FAE04EC0-301F-11D3-BF4B-00C04F79EFBC}") = "Even Number Thread", "Even Number Thread\Even Number Thread.csproj", "{DEE9A084-2050-4A5F-99B2-81DB7037F765}"
EndProject
Project("{FAE04EC0-301F-11D3-BF4B-00C04F79EFBC}") = "Sum Evens in Range", "Sum Evens in Range\Sum Evens in Range.csproj", "{DCF2B281-2575-446C-97E5-C3798EC53A0B}"
EndProject
Project("{FAE04EC0-301F-11D3-BF4B-00C04F79EFBC}") = "Sum Evens in Background", "Sum Evens in Background\Sum Evens in Background.csproj", "{75519C63-A51A-4180-AA20-E18DB6314A30}"
EndProject
Global
	GlobalSection(SolutionConfigurationPlatforms) = preSolution
		Debug|Any CPU = Debug|Any CPU
		Release|Any CPU = Release|Any CPU
	EndGlobalSection
	GlobalSection(ProjectConfigurationPlatforms) = postSolution
		{DEE9A084-2050-4A5F-99B2-81DB7037F765}.Debug|Any CPU.ActiveCfg = Debug|Any CPU
		{DEE9A084-2050-4A5F-99B2-81DB7037F765}.Debug|Any CPU.Build.0 = Debug|Any CPU
		{DEE9A084-2050-4A5F-99B2-81DB7037F765}.Release|Any CPU.ActiveCfg = Release|Any CPU
		{DEE9A084-2050-4A5F-99B2-81DB7037F765}.Release|Any CPU.Build.0 = Release|Any CPU
		{DCF2B281-2575-446C-97E5-C3798EC53A0B}.Debug|Any CPU.ActiveCfg = Debug|Any CPU
		{DCF2B281-2575-446C-97E5-C3798EC53A0B}.Debug|Any CPU.Build.0 = Debug|Any CPU
		{DCF2B281-2575-446C-97E5-C3798EC53A0B}.Release|Any CPU.ActiveCfg = Release|Any CPU
		{DCF2B281-2575-446C-97E5-C3798EC53A0B}.Release|Any CPU.Build.0 = Release|Any CPU
		{75519C63-A51A-4180-AA20-E18DB6314A30}.Debug|Any CPU.ActiveCfg = Debug|Any CPU
		{75519C63-A51A-4180-AA20-E18DB6314A30}.Debug|Any CPU.Build.0 = Debug|Any CPU
		{75519C63-A51A-4180-AA20-E18DB6314A30}.Release|Any CPU.ActiveCfg = Release|Any CPU
		{75519C63-A51A-4180-AA20-E18DB6314A30}.Release|Any CPU.Build.0 = Release|Any CPU
	EndGlobalSection
	GlobalSection(SolutionProperties) = preSolution
		HideSolutionNode = FALSE
	EndGlobalSection
	GlobalSection(ExtensibilityGlobals) = postSolution
		SolutionGuid = {E45A4421-BAA6-4707-A05C-6C2235D6263B}
	EndGlobalSection
EndGlobal
