
Microsoft Visual Studio Solution File, Format Version 12.00
# Visual Studio Version 17
VisualStudioVersion = 17.4.33110.190
MinimumVisualStudioVersion = 10.0.40219.1
Project("{FAE04EC0-301F-11D3-BF4B-00C04F79EFBC}") = "P02_FootballBetting", "P02_FootballBetting\P02_FootballBetting.csproj", "{C2C85F3E-91BA-497D-8F2B-5AE7D53D2000}"
EndProject
Project("{FAE04EC0-301F-11D3-BF4B-00C04F79EFBC}") = "P02_FootballBetting.Data", "P02_FootballBetting.Data\P02_FootballBetting.Data.csproj", "{F197DAD4-FD78-465C-AE72-001D0A8F6041}"
EndProject
Project("{FAE04EC0-301F-11D3-BF4B-00C04F79EFBC}") = "P02_FootballBetting.Data.Models", "P02_FootballBetting.Data.Models\P02_FootballBetting.Data.Models.csproj", "{BF3B8277-6A9E-4DCD-83CC-B6DE69718CBF}"
EndProject
Project("{FAE04EC0-301F-11D3-BF4B-00C04F79EFBC}") = "P_02FootballBetting.Data.Common", "P_02FootballBetting.Data.Common\P_02FootballBetting.Data.Common.csproj", "{D870FBDE-7FD1-4AEF-BA7A-3C9FADF2F0EA}"
EndProject
Global
	GlobalSection(SolutionConfigurationPlatforms) = preSolution
		Debug|Any CPU = Debug|Any CPU
		Release|Any CPU = Release|Any CPU
	EndGlobalSection
	GlobalSection(ProjectConfigurationPlatforms) = postSolution
		{C2C85F3E-91BA-497D-8F2B-5AE7D53D2000}.Debug|Any CPU.ActiveCfg = Debug|Any CPU
		{C2C85F3E-91BA-497D-8F2B-5AE7D53D2000}.Debug|Any CPU.Build.0 = Debug|Any CPU
		{C2C85F3E-91BA-497D-8F2B-5AE7D53D2000}.Release|Any CPU.ActiveCfg = Release|Any CPU
		{C2C85F3E-91BA-497D-8F2B-5AE7D53D2000}.Release|Any CPU.Build.0 = Release|Any CPU
		{F197DAD4-FD78-465C-AE72-001D0A8F6041}.Debug|Any CPU.ActiveCfg = Debug|Any CPU
		{F197DAD4-FD78-465C-AE72-001D0A8F6041}.Debug|Any CPU.Build.0 = Debug|Any CPU
		{F197DAD4-FD78-465C-AE72-001D0A8F6041}.Release|Any CPU.ActiveCfg = Release|Any CPU
		{F197DAD4-FD78-465C-AE72-001D0A8F6041}.Release|Any CPU.Build.0 = Release|Any CPU
		{BF3B8277-6A9E-4DCD-83CC-B6DE69718CBF}.Debug|Any CPU.ActiveCfg = Debug|Any CPU
		{BF3B8277-6A9E-4DCD-83CC-B6DE69718CBF}.Debug|Any CPU.Build.0 = Debug|Any CPU
		{BF3B8277-6A9E-4DCD-83CC-B6DE69718CBF}.Release|Any CPU.ActiveCfg = Release|Any CPU
		{BF3B8277-6A9E-4DCD-83CC-B6DE69718CBF}.Release|Any CPU.Build.0 = Release|Any CPU
		{D870FBDE-7FD1-4AEF-BA7A-3C9FADF2F0EA}.Debug|Any CPU.ActiveCfg = Debug|Any CPU
		{D870FBDE-7FD1-4AEF-BA7A-3C9FADF2F0EA}.Debug|Any CPU.Build.0 = Debug|Any CPU
		{D870FBDE-7FD1-4AEF-BA7A-3C9FADF2F0EA}.Release|Any CPU.ActiveCfg = Release|Any CPU
		{D870FBDE-7FD1-4AEF-BA7A-3C9FADF2F0EA}.Release|Any CPU.Build.0 = Release|Any CPU
	EndGlobalSection
	GlobalSection(SolutionProperties) = preSolution
		HideSolutionNode = FALSE
	EndGlobalSection
	GlobalSection(ExtensibilityGlobals) = postSolution
		SolutionGuid = {0047D2BD-EAEC-48E5-9A8D-BFBA3DAB9196}
	EndGlobalSection
EndGlobal
